// !$*UTF8*$!
{
	archiveVersion = 1;
	classes = {
	};
	objectVersion = 56;
	objects = {

/* Begin PBXBuildFile section */
		3D44C1BB295EEC440072BB91 /* Feature.swift in Sources */ = {isa = PBXBuildFile; fileRef = 3D44C1BA295EEC440072BB91 /* Feature.swift */; };
		3D44C1BD295EF7CD0072BB91 /* SpacerView.swift in Sources */ = {isa = PBXBuildFile; fileRef = 3D44C1BC295EF7CD0072BB91 /* SpacerView.swift */; };
		3D44C1BF295F02100072BB91 /* LoadingIndicator.swift in Sources */ = {isa = PBXBuildFile; fileRef = 3D44C1BE295F02100072BB91 /* LoadingIndicator.swift */; };
		3D44C1C1295F023D0072BB91 /* SpinnerCircle.swift in Sources */ = {isa = PBXBuildFile; fileRef = 3D44C1C0295F023D0072BB91 /* SpinnerCircle.swift */; };
		3D44C1C62962C1320072BB91 /* SpacingView.swift in Sources */ = {isa = PBXBuildFile; fileRef = 3D44C1C52962C1320072BB91 /* SpacingView.swift */; };
		3DE97FE2295C346400943CFA /* SwiftUIQuickShotApp.swift in Sources */ = {isa = PBXBuildFile; fileRef = 3DE97FE1295C346400943CFA /* SwiftUIQuickShotApp.swift */; };
		3DE97FE6295C346600943CFA /* Assets.xcassets in Resources */ = {isa = PBXBuildFile; fileRef = 3DE97FE5295C346600943CFA /* Assets.xcassets */; };
		3DE97FE9295C346600943CFA /* Preview Assets.xcassets in Resources */ = {isa = PBXBuildFile; fileRef = 3DE97FE8295C346600943CFA /* Preview Assets.xcassets */; };
		3DE97FF4295C354100943CFA /* FeaturesList.swift in Sources */ = {isa = PBXBuildFile; fileRef = 3DE97FF3295C354100943CFA /* FeaturesList.swift */; };
		3DE97FFA295D89AA00943CFA /* FeaturesViewModel.swift in Sources */ = {isa = PBXBuildFile; fileRef = 3DE97FF9295D89AA00943CFA /* FeaturesViewModel.swift */; };
		3DE97FFC295D8A8500943CFA /* FeatureView.swift in Sources */ = {isa = PBXBuildFile; fileRef = 3DE97FFB295D8A8500943CFA /* FeatureView.swift */; };
		3DE97FFE295D8C6300943CFA /* Stacks.swift in Sources */ = {isa = PBXBuildFile; fileRef = 3DE97FFD295D8C6300943CFA /* Stacks.swift */; };
		3DE98000295D8C7200943CFA /* List.swift in Sources */ = {isa = PBXBuildFile; fileRef = 3DE97FFF295D8C7200943CFA /* List.swift */; };
/* End PBXBuildFile section */

/* Begin PBXFileReference section */
		3D44C1BA295EEC440072BB91 /* Feature.swift */ = {isa = PBXFileReference; lastKnownFileType = sourcecode.swift; path = Feature.swift; sourceTree = "<group>"; };
		3D44C1BC295EF7CD0072BB91 /* SpacerView.swift */ = {isa = PBXFileReference; lastKnownFileType = sourcecode.swift; path = SpacerView.swift; sourceTree = "<group>"; };
		3D44C1BE295F02100072BB91 /* LoadingIndicator.swift */ = {isa = PBXFileReference; lastKnownFileType = sourcecode.swift; path = LoadingIndicator.swift; sourceTree = "<group>"; };
		3D44C1C0295F023D0072BB91 /* SpinnerCircle.swift */ = {isa = PBXFileReference; lastKnownFileType = sourcecode.swift; path = SpinnerCircle.swift; sourceTree = "<group>"; };
		3D44C1C52962C1320072BB91 /* SpacingView.swift */ = {isa = PBXFileReference; lastKnownFileType = sourcecode.swift; path = SpacingView.swift; sourceTree = "<group>"; };
		3DE97FDE295C346400943CFA /* SwiftUIQuickShot.app */ = {isa = PBXFileReference; explicitFileType = wrapper.application; includeInIndex = 0; path = SwiftUIQuickShot.app; sourceTree = BUILT_PRODUCTS_DIR; };
		3DE97FE1295C346400943CFA /* SwiftUIQuickShotApp.swift */ = {isa = PBXFileReference; lastKnownFileType = sourcecode.swift; path = SwiftUIQuickShotApp.swift; sourceTree = "<group>"; };
		3DE97FE5295C346600943CFA /* Assets.xcassets */ = {isa = PBXFileReference; lastKnownFileType = folder.assetcatalog; path = Assets.xcassets; sourceTree = "<group>"; };
		3DE97FE8295C346600943CFA /* Preview Assets.xcassets */ = {isa = PBXFileReference; lastKnownFileType = folder.assetcatalog; path = "Preview Assets.xcassets"; sourceTree = "<group>"; };
		3DE97FF3295C354100943CFA /* FeaturesList.swift */ = {isa = PBXFileReference; lastKnownFileType = sourcecode.swift; path = FeaturesList.swift; sourceTree = "<group>"; };
		3DE97FF9295D89AA00943CFA /* FeaturesViewModel.swift */ = {isa = PBXFileReference; lastKnownFileType = sourcecode.swift; path = FeaturesViewModel.swift; sourceTree = "<group>"; };
		3DE97FFB295D8A8500943CFA /* FeatureView.swift */ = {isa = PBXFileReference; lastKnownFileType = sourcecode.swift; path = FeatureView.swift; sourceTree = "<group>"; };
		3DE97FFD295D8C6300943CFA /* Stacks.swift */ = {isa = PBXFileReference; lastKnownFileType = sourcecode.swift; path = Stacks.swift; sourceTree = "<group>"; };
		3DE97FFF295D8C7200943CFA /* List.swift */ = {isa = PBXFileReference; lastKnownFileType = sourcecode.swift; path = List.swift; sourceTree = "<group>"; };
/* End PBXFileReference section */

/* Begin PBXFrameworksBuildPhase section */
		3DE97FDB295C346400943CFA /* Frameworks */ = {
			isa = PBXFrameworksBuildPhase;
			buildActionMask = 2147483647;
			files = (
			);
			runOnlyForDeploymentPostprocessing = 0;
		};
/* End PBXFrameworksBuildPhase section */

/* Begin PBXGroup section */
		3D44C1B9295EEC360072BB91 /* Model */ = {
			isa = PBXGroup;
			children = (
				3D44C1BA295EEC440072BB91 /* Feature.swift */,
			);
			path = Model;
			sourceTree = "<group>";
		};
		3D44C1C2295F02490072BB91 /* Helpers */ = {
			isa = PBXGroup;
			children = (
				3D44C1C3295F024D0072BB91 /* LoadingIndicator */,
			);
			path = Helpers;
			sourceTree = "<group>";
		};
		3D44C1C3295F024D0072BB91 /* LoadingIndicator */ = {
			isa = PBXGroup;
			children = (
				3D44C1C0295F023D0072BB91 /* SpinnerCircle.swift */,
				3D44C1BE295F02100072BB91 /* LoadingIndicator.swift */,
			);
			path = LoadingIndicator;
			sourceTree = "<group>";
		};
		3D44C1C42962C0670072BB91 /* Spacer */ = {
			isa = PBXGroup;
			children = (
				3D44C1BC295EF7CD0072BB91 /* SpacerView.swift */,
				3D44C1C52962C1320072BB91 /* SpacingView.swift */,
			);
			path = Spacer;
			sourceTree = "<group>";
		};
		3DE97FD5295C346400943CFA = {
			isa = PBXGroup;
			children = (
				3DE97FE0295C346400943CFA /* SwiftUIQuickShot */,
				3DE97FDF295C346400943CFA /* Products */,
			);
			sourceTree = "<group>";
		};
		3DE97FDF295C346400943CFA /* Products */ = {
			isa = PBXGroup;
			children = (
				3DE97FDE295C346400943CFA /* SwiftUIQuickShot.app */,
			);
			name = Products;
			sourceTree = "<group>";
		};
		3DE97FE0295C346400943CFA /* SwiftUIQuickShot */ = {
			isa = PBXGroup;
			children = (
				3D44C1C2295F02490072BB91 /* Helpers */,
				3D44C1B9295EEC360072BB91 /* Model */,
				3DE97FF0295C351A00943CFA /* Assets */,
				3DE97FEF295C350F00943CFA /* Features */,
				3DE97FF3295C354100943CFA /* FeaturesList.swift */,
				3DE97FF9295D89AA00943CFA /* FeaturesViewModel.swift */,
				3DE97FE1295C346400943CFA /* SwiftUIQuickShotApp.swift */,
				3DE97FE7295C346600943CFA /* Preview Content */,
			);
			path = SwiftUIQuickShot;
			sourceTree = "<group>";
		};
		3DE97FE7295C346600943CFA /* Preview Content */ = {
			isa = PBXGroup;
			children = (
				3DE97FE8295C346600943CFA /* Preview Assets.xcassets */,
			);
			path = "Preview Content";
			sourceTree = "<group>";
		};
		3DE97FEF295C350F00943CFA /* Features */ = {
			isa = PBXGroup;
			children = (
				3D44C1C42962C0670072BB91 /* Spacer */,
				3DE97FFB295D8A8500943CFA /* FeatureView.swift */,
				3DE97FFD295D8C6300943CFA /* Stacks.swift */,
				3DE97FFF295D8C7200943CFA /* List.swift */,
			);
			path = Features;
			sourceTree = "<group>";
		};
		3DE97FF0295C351A00943CFA /* Assets */ = {
			isa = PBXGroup;
			children = (
				3DE97FE5295C346600943CFA /* Assets.xcassets */,
			);
			path = Assets;
			sourceTree = "<group>";
		};
/* End PBXGroup section */

/* Begin PBXNativeTarget section */
		3DE97FDD295C346400943CFA /* SwiftUIQuickShot */ = {
			isa = PBXNativeTarget;
			buildConfigurationList = 3DE97FEC295C346600943CFA /* Build configuration list for PBXNativeTarget "SwiftUIQuickShot" */;
			buildPhases = (
				3DE97FDA295C346400943CFA /* Sources */,
				3DE97FDB295C346400943CFA /* Frameworks */,
				3DE97FDC295C346400943CFA /* Resources */,
			);
			buildRules = (
			);
			dependencies = (
			);
			name = SwiftUIQuickShot;
			productName = SwiftUIQuickShot;
			productReference = 3DE97FDE295C346400943CFA /* SwiftUIQuickShot.app */;
			productType = "com.apple.product-type.application";
		};
/* End PBXNativeTarget section */

/* Begin PBXProject section */
		3DE97FD6295C346400943CFA /* Project object */ = {
			isa = PBXProject;
			attributes = {
				BuildIndependentTargetsInParallel = 1;
				LastSwiftUpdateCheck = 1400;
				LastUpgradeCheck = 1400;
				TargetAttributes = {
					3DE97FDD295C346400943CFA = {
						CreatedOnToolsVersion = 14.0.1;
					};
				};
			};
			buildConfigurationList = 3DE97FD9295C346400943CFA /* Build configuration list for PBXProject "SwiftUIQuickShot" */;
			compatibilityVersion = "Xcode 14.0";
			developmentRegion = en;
			hasScannedForEncodings = 0;
			knownRegions = (
				en,
				Base,
			);
			mainGroup = 3DE97FD5295C346400943CFA;
			productRefGroup = 3DE97FDF295C346400943CFA /* Products */;
			projectDirPath = "";
			projectRoot = "";
			targets = (
				3DE97FDD295C346400943CFA /* SwiftUIQuickShot */,
			);
		};
/* End PBXProject section */

/* Begin PBXResourcesBuildPhase section */
		3DE97FDC295C346400943CFA /* Resources */ = {
			isa = PBXResourcesBuildPhase;
			buildActionMask = 2147483647;
			files = (
				3DE97FE9295C346600943CFA /* Preview Assets.xcassets in Resources */,
				3DE97FE6295C346600943CFA /* Assets.xcassets in Resources */,
			);
			runOnlyForDeploymentPostprocessing = 0;
		};
/* End PBXResourcesBuildPhase section */

/* Begin PBXSourcesBuildPhase section */
		3DE97FDA295C346400943CFA /* Sources */ = {
			isa = PBXSourcesBuildPhase;
			buildActionMask = 2147483647;
			files = (
				3D44C1BF295F02100072BB91 /* LoadingIndicator.swift in Sources */,
				3DE97FFE295D8C6300943CFA /* Stacks.swift in Sources */,
				3D44C1BB295EEC440072BB91 /* Feature.swift in Sources */,
				3DE97FFC295D8A8500943CFA /* FeatureView.swift in Sources */,
				3DE97FFA295D89AA00943CFA /* FeaturesViewModel.swift in Sources */,
				3D44C1C62962C1320072BB91 /* SpacingView.swift in Sources */,
				3D44C1BD295EF7CD0072BB91 /* SpacerView.swift in Sources */,
				3DE97FE2295C346400943CFA /* SwiftUIQuickShotApp.swift in Sources */,
				3D44C1C1295F023D0072BB91 /* SpinnerCircle.swift in Sources */,
				3DE97FF4295C354100943CFA /* FeaturesList.swift in Sources */,
				3DE98000295D8C7200943CFA /* List.swift in Sources */,
			);
			runOnlyForDeploymentPostprocessing = 0;
		};
/* End PBXSourcesBuildPhase section */

/* Begin XCBuildConfiguration section */
		3DE97FEA295C346600943CFA /* Debug */ = {
			isa = XCBuildConfiguration;
			buildSettings = {
				ALWAYS_SEARCH_USER_PATHS = NO;
				CLANG_ANALYZER_NONNULL = YES;
				CLANG_ANALYZER_NUMBER_OBJECT_CONVERSION = YES_AGGRESSIVE;
				CLANG_CXX_LANGUAGE_STANDARD = "gnu++20";
				CLANG_ENABLE_MODULES = YES;
				CLANG_ENABLE_OBJC_ARC = YES;
				CLANG_ENABLE_OBJC_WEAK = YES;
				CLANG_WARN_BLOCK_CAPTURE_AUTORELEASING = YES;
				CLANG_WARN_BOOL_CONVERSION = YES;
				CLANG_WARN_COMMA = YES;
				CLANG_WARN_CONSTANT_CONVERSION = YES;
				CLANG_WARN_DEPRECATED_OBJC_IMPLEMENTATIONS = YES;
				CLANG_WARN_DIRECT_OBJC_ISA_USAGE = YES_ERROR;
				CLANG_WARN_DOCUMENTATION_COMMENTS = YES;
				CLANG_WARN_EMPTY_BODY = YES;
				CLANG_WARN_ENUM_CONVERSION = YES;
				CLANG_WARN_INFINITE_RECURSION = YES;
				CLANG_WARN_INT_CONVERSION = YES;
				CLANG_WARN_NON_LITERAL_NULL_CONVERSION = YES;
				CLANG_WARN_OBJC_IMPLICIT_RETAIN_SELF = YES;
				CLANG_WARN_OBJC_LITERAL_CONVERSION = YES;
				CLANG_WARN_OBJC_ROOT_CLASS = YES_ERROR;
				CLANG_WARN_QUOTED_INCLUDE_IN_FRAMEWORK_HEADER = YES;
				CLANG_WARN_RANGE_LOOP_ANALYSIS = YES;
				CLANG_WARN_STRICT_PROTOTYPES = YES;
				CLANG_WARN_SUSPICIOUS_MOVE = YES;
				CLANG_WARN_UNGUARDED_AVAILABILITY = YES_AGGRESSIVE;
				CLANG_WARN_UNREACHABLE_CODE = YES;
				CLANG_WARN__DUPLICATE_METHOD_MATCH = YES;
				COPY_PHASE_STRIP = NO;
				DEBUG_INFORMATION_FORMAT = dwarf;
				ENABLE_STRICT_OBJC_MSGSEND = YES;
				ENABLE_TESTABILITY = YES;
				GCC_C_LANGUAGE_STANDARD = gnu11;
				GCC_DYNAMIC_NO_PIC = NO;
				GCC_NO_COMMON_BLOCKS = YES;
				GCC_OPTIMIZATION_LEVEL = 0;
				GCC_PREPROCESSOR_DEFINITIONS = (
					"DEBUG=1",
					"$(inherited)",
				);
				GCC_WARN_64_TO_32_BIT_CONVERSION = YES;
				GCC_WARN_ABOUT_RETURN_TYPE = YES_ERROR;
				GCC_WARN_UNDECLARED_SELECTOR = YES;
				GCC_WARN_UNINITIALIZED_AUTOS = YES_AGGRESSIVE;
				GCC_WARN_UNUSED_FUNCTION = YES;
				GCC_WARN_UNUSED_VARIABLE = YES;
				IPHONEOS_DEPLOYMENT_TARGET = 16.0;
				MTL_ENABLE_DEBUG_INFO = INCLUDE_SOURCE;
				MTL_FAST_MATH = YES;
				ONLY_ACTIVE_ARCH = YES;
				SDKROOT = iphoneos;
				SWIFT_ACTIVE_COMPILATION_CONDITIONS = DEBUG;
				SWIFT_OPTIMIZATION_LEVEL = "-Onone";
			};
			name = Debug;
		};
		3DE97FEB295C346600943CFA /* Release */ = {
			isa = XCBuildConfiguration;
			buildSettings = {
				ALWAYS_SEARCH_USER_PATHS = NO;
				CLANG_ANALYZER_NONNULL = YES;
				CLANG_ANALYZER_NUMBER_OBJECT_CONVERSION = YES_AGGRESSIVE;
				CLANG_CXX_LANGUAGE_STANDARD = "gnu++20";
				CLANG_ENABLE_MODULES = YES;
				CLANG_ENABLE_OBJC_ARC = YES;
				CLANG_ENABLE_OBJC_WEAK = YES;
				CLANG_WARN_BLOCK_CAPTURE_AUTORELEASING = YES;
				CLANG_WARN_BOOL_CONVERSION = YES;
				CLANG_WARN_COMMA = YES;
				CLANG_WARN_CONSTANT_CONVERSION = YES;
				CLANG_WARN_DEPRECATED_OBJC_IMPLEMENTATIONS = YES;
				CLANG_WARN_DIRECT_OBJC_ISA_USAGE = YES_ERROR;
				CLANG_WARN_DOCUMENTATION_COMMENTS = YES;
				CLANG_WARN_EMPTY_BODY = YES;
				CLANG_WARN_ENUM_CONVERSION = YES;
				CLANG_WARN_INFINITE_RECURSION = YES;
				CLANG_WARN_INT_CONVERSION = YES;
				CLANG_WARN_NON_LITERAL_NULL_CONVERSION = YES;
				CLANG_WARN_OBJC_IMPLICIT_RETAIN_SELF = YES;
				CLANG_WARN_OBJC_LITERAL_CONVERSION = YES;
				CLANG_WARN_OBJC_ROOT_CLASS = YES_ERROR;
				CLANG_WARN_QUOTED_INCLUDE_IN_FRAMEWORK_HEADER = YES;
				CLANG_WARN_RANGE_LOOP_ANALYSIS = YES;
				CLANG_WARN_STRICT_PROTOTYPES = YES;
				CLANG_WARN_SUSPICIOUS_MOVE = YES;
				CLANG_WARN_UNGUARDED_AVAILABILITY = YES_AGGRESSIVE;
				CLANG_WARN_UNREACHABLE_CODE = YES;
				CLANG_WARN__DUPLICATE_METHOD_MATCH = YES;
				COPY_PHASE_STRIP = NO;
				DEBUG_INFORMATION_FORMAT = "dwarf-with-dsym";
				ENABLE_NS_ASSERTIONS = NO;
				ENABLE_STRICT_OBJC_MSGSEND = YES;
				GCC_C_LANGUAGE_STANDARD = gnu11;
				GCC_NO_COMMON_BLOCKS = YES;
				GCC_WARN_64_TO_32_BIT_CONVERSION = YES;
				GCC_WARN_ABOUT_RETURN_TYPE = YES_ERROR;
				GCC_WARN_UNDECLARED_SELECTOR = YES;
				GCC_WARN_UNINITIALIZED_AUTOS = YES_AGGRESSIVE;
				GCC_WARN_UNUSED_FUNCTION = YES;
				GCC_WARN_UNUSED_VARIABLE = YES;
				IPHONEOS_DEPLOYMENT_TARGET = 16.0;
				MTL_ENABLE_DEBUG_INFO = NO;
				MTL_FAST_MATH = YES;
				SDKROOT = iphoneos;
				SWIFT_COMPILATION_MODE = wholemodule;
				SWIFT_OPTIMIZATION_LEVEL = "-O";
				VALIDATE_PRODUCT = YES;
			};
			name = Release;
		};
		3DE97FED295C346600943CFA /* Debug */ = {
			isa = XCBuildConfiguration;
			buildSettings = {
				ASSETCATALOG_COMPILER_APPICON_NAME = AppIcon;
				ASSETCATALOG_COMPILER_GLOBAL_ACCENT_COLOR_NAME = AccentColor;
				CODE_SIGN_STYLE = Automatic;
				CURRENT_PROJECT_VERSION = 1;
				DEVELOPMENT_ASSET_PATHS = "\"SwiftUIQuickShot/Preview Content\"";
				DEVELOPMENT_TEAM = 3TUZXXZK2L;
				ENABLE_PREVIEWS = YES;
				GENERATE_INFOPLIST_FILE = YES;
				INFOPLIST_KEY_UIApplicationSceneManifest_Generation = YES;
				INFOPLIST_KEY_UIApplicationSupportsIndirectInputEvents = YES;
				INFOPLIST_KEY_UILaunchScreen_Generation = YES;
				INFOPLIST_KEY_UISupportedInterfaceOrientations_iPad = "UIInterfaceOrientationPortrait UIInterfaceOrientationPortraitUpsideDown UIInterfaceOrientationLandscapeLeft UIInterfaceOrientationLandscapeRight";
				INFOPLIST_KEY_UISupportedInterfaceOrientations_iPhone = "UIInterfaceOrientationPortrait UIInterfaceOrientationLandscapeLeft UIInterfaceOrientationLandscapeRight";
				IPHONEOS_DEPLOYMENT_TARGET = 15.0;
				LD_RUNPATH_SEARCH_PATHS = (
					"$(inherited)",
					"@executable_path/Frameworks",
				);
				MARKETING_VERSION = 1.0;
				PRODUCT_BUNDLE_IDENTIFIER = "com.patryk-jastrzebski.SwiftUIQuickShot";
				PRODUCT_NAME = "$(TARGET_NAME)";
				SWIFT_EMIT_LOC_STRINGS = YES;
				SWIFT_VERSION = 5.0;
				TARGETED_DEVICE_FAMILY = "1,2";
			};
			name = Debug;
		};
		3DE97FEE295C346600943CFA /* Release */ = {
			isa = XCBuildConfiguration;
			buildSettings = {
				ASSETCATALOG_COMPILER_APPICON_NAME = AppIcon;
				ASSETCATALOG_COMPILER_GLOBAL_ACCENT_COLOR_NAME = AccentColor;
				CODE_SIGN_STYLE = Automatic;
				CURRENT_PROJECT_VERSION = 1;
				DEVELOPMENT_ASSET_PATHS = "\"SwiftUIQuickShot/Preview Content\"";
				DEVELOPMENT_TEAM = 3TUZXXZK2L;
				ENABLE_PREVIEWS = YES;
				GENERATE_INFOPLIST_FILE = YES;
				INFOPLIST_KEY_UIApplicationSceneManifest_Generation = YES;
				INFOPLIST_KEY_UIApplicationSupportsIndirectInputEvents = YES;
				INFOPLIST_KEY_UILaunchScreen_Generation = YES;
				INFOPLIST_KEY_UISupportedInterfaceOrientations_iPad = "UIInterfaceOrientationPortrait UIInterfaceOrientationPortraitUpsideDown UIInterfaceOrientationLandscapeLeft UIInterfaceOrientationLandscapeRight";
				INFOPLIST_KEY_UISupportedInterfaceOrientations_iPhone = "UIInterfaceOrientationPortrait UIInterfaceOrientationLandscapeLeft UIInterfaceOrientationLandscapeRight";
				IPHONEOS_DEPLOYMENT_TARGET = 15.0;
				LD_RUNPATH_SEARCH_PATHS = (
					"$(inherited)",
					"@executable_path/Frameworks",
				);
				MARKETING_VERSION = 1.0;
				PRODUCT_BUNDLE_IDENTIFIER = "com.patryk-jastrzebski.SwiftUIQuickShot";
				PRODUCT_NAME = "$(TARGET_NAME)";
				SWIFT_EMIT_LOC_STRINGS = YES;
				SWIFT_VERSION = 5.0;
				TARGETED_DEVICE_FAMILY = "1,2";
			};
			name = Release;
		};
/* End XCBuildConfiguration section */

/* Begin XCConfigurationList section */
		3DE97FD9295C346400943CFA /* Build configuration list for PBXProject "SwiftUIQuickShot" */ = {
			isa = XCConfigurationList;
			buildConfigurations = (
				3DE97FEA295C346600943CFA /* Debug */,
				3DE97FEB295C346600943CFA /* Release */,
			);
			defaultConfigurationIsVisible = 0;
			defaultConfigurationName = Release;
		};
		3DE97FEC295C346600943CFA /* Build configuration list for PBXNativeTarget "SwiftUIQuickShot" */ = {
			isa = XCConfigurationList;
			buildConfigurations = (
				3DE97FED295C346600943CFA /* Debug */,
				3DE97FEE295C346600943CFA /* Release */,
			);
			defaultConfigurationIsVisible = 0;
			defaultConfigurationName = Release;
		};
/* End XCConfigurationList section */
	};
	rootObject = 3DE97FD6295C346400943CFA /* Project object */;
}
